<?xml version="1.0" encoding="utf-8"?>
<Project ToolsVersion="4.0" xmlns="http://schemas.microsoft.com/developer/msbuild/2003">
  <ItemGroup>
    <Filter Include="Source Files">
      <UniqueIdentifier>{4FC737F1-C7A5-4376-A066-2A32D752A2FF}</UniqueIdentifier>
      <Extensions>cpp;c;cc;cxx;c++;cppm;ixx;def;odl;idl;hpj;bat;asm;asmx</Extensions>
    </Filter>
    <Filter Include="Header Files">
      <UniqueIdentifier>{93995380-89BD-4b04-88EB-625FBE52EBFB}</UniqueIdentifier>
      <Extensions>h;hh;hpp;hxx;h++;hm;inl;inc;ipp;xsd</Extensions>
    </Filter>
    <Filter Include="Resource Files">
      <UniqueIdentifier>{67DA6AB6-F800-4c08-8B7A-83BB121AAD01}</UniqueIdentifier>
      <Extensions>rc;ico;cur;bmp;dlg;rc2;rct;bin;rgs;gif;jpg;jpeg;jpe;resx;tiff;tif;png;wav;mfcribbon-ms</Extensions>
    </Filter>
    <Filter Include="_ns_tools">
      <UniqueIdentifier>{dadb023b-b8b8-42a4-afb0-efa787cde727}</UniqueIdentifier>
    </Filter>
  </ItemGroup>
  <ItemGroup>
    <ClCompile Include="t1.cpp">
      <Filter>Source Files</Filter>
    </ClCompile>
  </ItemGroup>
  <ItemGroup>
    <ClInclude Include="..\..\code_tools\ct_dev.h">
      <Filter>_ns_tools</Filter>
    </ClInclude>
    <ClInclude Include="..\..\code_tools\ct_dev_composite.h">
      <Filter>_ns_tools</Filter>
    </ClInclude>
    <ClInclude Include="..\..\code_tools\ct_dev_hid.h">
      <Filter>_ns_tools</Filter>
    </ClInclude>
    <ClInclude Include="..\..\code_tools\ct_dev_lpu200.h">
      <Filter>_ns_tools</Filter>
    </ClInclude>
    <ClInclude Include="..\..\code_tools\ct_dev_manager.h">
      <Filter>_ns_tools</Filter>
    </ClInclude>
    <ClInclude Include="..\..\code_tools\ct_dev_primitive.h">
      <Filter>_ns_tools</Filter>
    </ClInclude>
    <ClInclude Include="..\..\code_tools\ct_dev_virtual.h">
      <Filter>_ns_tools</Filter>
    </ClInclude>
    <ClInclude Include="..\..\code_tools\ct_dev_winusb.h">
      <Filter>_ns_tools</Filter>
    </ClInclude>
    <ClInclude Include="..\..\code_tools\ct_i_dev.h">
      <Filter>_ns_tools</Filter>
    </ClInclude>
  </ItemGroup>
</Project>